
Microsoft Visual Studio Solution File, Format Version 12.00
# Visual Studio Version 17
VisualStudioVersion = 17.2.32505.173
MinimumVisualStudioVersion = 10.0.40219.1
Project("{FAE04EC0-301F-11D3-BF4B-00C04F79EFBC}") = "WebApi", "WebApi\WebApi.csproj", "{18693234-434F-4165-8AC2-CC464A69C701}"
EndProject
Project("{FAE04EC0-301F-11D3-BF4B-00C04F79EFBC}") = "Core", "Core\Core.csproj", "{989E83E3-EA55-488A-8B0A-B60CC1DFE34A}"
EndProject
Project("{FAE04EC0-301F-11D3-BF4B-00C04F79EFBC}") = "Model", "Model\Model.csproj", "{AA0E84A8-D3D6-4872-A29A-6EA73AF3F778}"
EndProject
Global
	GlobalSection(SolutionConfigurationPlatforms) = preSolution
		Debug|Any CPU = Debug|Any CPU
		Release|Any CPU = Release|Any CPU
	EndGlobalSection
	GlobalSection(ProjectConfigurationPlatforms) = postSolution
		{18693234-434F-4165-8AC2-CC464A69C701}.Debug|Any CPU.ActiveCfg = Debug|Any CPU
		{18693234-434F-4165-8AC2-CC464A69C701}.Debug|Any CPU.Build.0 = Debug|Any CPU
		{18693234-434F-4165-8AC2-CC464A69C701}.Release|Any CPU.ActiveCfg = Release|Any CPU
		{18693234-434F-4165-8AC2-CC464A69C701}.Release|Any CPU.Build.0 = Release|Any CPU
		{989E83E3-EA55-488A-8B0A-B60CC1DFE34A}.Debug|Any CPU.ActiveCfg = Debug|Any CPU
		{989E83E3-EA55-488A-8B0A-B60CC1DFE34A}.Debug|Any CPU.Build.0 = Debug|Any CPU
		{989E83E3-EA55-488A-8B0A-B60CC1DFE34A}.Release|Any CPU.ActiveCfg = Release|Any CPU
		{989E83E3-EA55-488A-8B0A-B60CC1DFE34A}.Release|Any CPU.Build.0 = Release|Any CPU
		{AA0E84A8-D3D6-4872-A29A-6EA73AF3F778}.Debug|Any CPU.ActiveCfg = Debug|Any CPU
		{AA0E84A8-D3D6-4872-A29A-6EA73AF3F778}.Debug|Any CPU.Build.0 = Debug|Any CPU
		{AA0E84A8-D3D6-4872-A29A-6EA73AF3F778}.Release|Any CPU.ActiveCfg = Release|Any CPU
		{AA0E84A8-D3D6-4872-A29A-6EA73AF3F778}.Release|Any CPU.Build.0 = Release|Any CPU
	EndGlobalSection
	GlobalSection(SolutionProperties) = preSolution
		HideSolutionNode = FALSE
	EndGlobalSection
	GlobalSection(ExtensibilityGlobals) = postSolution
		SolutionGuid = {05D5F420-0BEC-4E90-AF83-60470F3A06A4}
	EndGlobalSection
EndGlobal
